DEPENDENCIES
  apache2 (~> 3.2.2)
  build-essential (~> 7.0.1)
  get-native.com-cookbook
    git: git@home.github.com:hank-ehly/get-native.com-cookbook.git
    revision: 0042f9d5521597b41feb47c6725eb1c4d445bbe5
  locale (~> 2.0.0)
  mysql (~> 8.0.4)
  nodejs (~> 2.4.4)
  sudo (~> 3.0.0)

GRAPH
  apache2 (3.2.2)
  apt (5.0.0)
    compat_resource (>= 12.14.7)
  ark (2.0.0)
    build-essential (>= 0.0.0)
    seven_zip (>= 0.0.0)
    windows (>= 0.0.0)
  build-essential (7.0.1)
    compat_resource (>= 12.14)
    mingw (>= 1.1)
    seven_zip (>= 0.0.0)
  compat_resource (12.14.7)
  get-native.com-cookbook (0.1.0)
    apache2 (~> 3.2.2)
    build-essential (~> 7.0.1)
    locale (~> 2.0.0)
    mysql (~> 8.0.4)
    nodejs (~> 2.4.4)
    sudo (~> 3.0.0)
  homebrew (2.1.2)
    build-essential (>= 2.1.2)
  locale (2.0.0)
  mingw (1.2.4)
    compat_resource (>= 0.0.0)
    seven_zip (>= 0.0.0)
  mysql (8.0.4)
  nodejs (2.4.4)
    apt (>= 0.0.0)
    ark (>= 0.0.0)
    build-essential (>= 0.0.0)
    homebrew (>= 0.0.0)
    yum-epel (>= 0.0.0)
  seven_zip (2.0.2)
    windows (>= 1.2.2)
  sudo (3.0.0)
  windows (2.0.2)
  yum (4.0.0)
  yum-epel (1.0.1)
    yum (>= 3.6)
